
Microsoft Visual Studio Solution File, Format Version 12.00
# Visual Studio Version 17
VisualStudioVersion = 17.8.34511.84
MinimumVisualStudioVersion = 10.0.40219.1
Project("{2150E333-8FDC-42A3-9474-1A3956D46DE8}") = "01-Core", "01-Core", "{3DC6EA9C-3DDA-4087-BAC2-8381EFCF2AC6}"
EndProject
Project("{9A19103F-16F7-4668-BE54-9A1E7A4F7556}") = "Domain.Abstracts", "Domain.Abstracts\Domain.Abstracts.csproj", "{F4B5836A-AD43-4AE3-9767-B60D89C63453}"
EndProject
Project("{9A19103F-16F7-4668-BE54-9A1E7A4F7556}") = "Domain", "Domain\Domain.csproj", "{60DB3F25-EC22-45EF-B485-E408BC491A22}"
EndProject
Project("{9A19103F-16F7-4668-BE54-9A1E7A4F7556}") = "DomainService", "DomainService\DomainService.csproj", "{A220684E-0C9F-430F-AFF9-2F52D86E5476}"
EndProject
Project("{2150E333-8FDC-42A3-9474-1A3956D46DE8}") = "02-Services", "02-Services", "{8EF57FF3-683C-4FFD-B528-BD624141D11F}"
EndProject
Project("{9A19103F-16F7-4668-BE54-9A1E7A4F7556}") = "ApplicationService", "ApplicationService\ApplicationService.csproj", "{BB30911C-7000-465B-825C-F810EC41C1D3}"
EndProject
Project("{9A19103F-16F7-4668-BE54-9A1E7A4F7556}") = "QueryService", "QueryService\QueryService.csproj", "{80FA4363-0C19-4D62-9479-130087B54CA7}"
EndProject
Project("{9A19103F-16F7-4668-BE54-9A1E7A4F7556}") = "Contracts", "Contracts\Contracts.csproj", "{E89790F4-D4CB-4B7F-B12C-A3610B9CB93E}"
EndProject
Project("{2150E333-8FDC-42A3-9474-1A3956D46DE8}") = "03-EndPoints", "03-EndPoints", "{9B593B39-9950-4939-8C75-757BF48E44AB}"
EndProject
Project("{9A19103F-16F7-4668-BE54-9A1E7A4F7556}") = "Web", "Web\Web.csproj", "{65F0DBEF-2A26-4F6F-9675-14169F144254}"
EndProject
Project("{2150E333-8FDC-42A3-9474-1A3956D46DE8}") = "04-03 Inftrustructures", "04-03 Inftrustructures", "{963BB670-4413-409F-9102-522BABA6ED2F}"
EndProject
Project("{9A19103F-16F7-4668-BE54-9A1E7A4F7556}") = "Data.Sql", "Repositories\Data.Sql.csproj", "{FF18A02E-7A10-4B99-85AC-3AC2FAC4C345}"
EndProject
Global
	GlobalSection(SolutionConfigurationPlatforms) = preSolution
		Debug|Any CPU = Debug|Any CPU
		Release|Any CPU = Release|Any CPU
	EndGlobalSection
	GlobalSection(ProjectConfigurationPlatforms) = postSolution
		{F4B5836A-AD43-4AE3-9767-B60D89C63453}.Debug|Any CPU.ActiveCfg = Debug|Any CPU
		{F4B5836A-AD43-4AE3-9767-B60D89C63453}.Debug|Any CPU.Build.0 = Debug|Any CPU
		{F4B5836A-AD43-4AE3-9767-B60D89C63453}.Release|Any CPU.ActiveCfg = Release|Any CPU
		{F4B5836A-AD43-4AE3-9767-B60D89C63453}.Release|Any CPU.Build.0 = Release|Any CPU
		{60DB3F25-EC22-45EF-B485-E408BC491A22}.Debug|Any CPU.ActiveCfg = Debug|Any CPU
		{60DB3F25-EC22-45EF-B485-E408BC491A22}.Debug|Any CPU.Build.0 = Debug|Any CPU
		{60DB3F25-EC22-45EF-B485-E408BC491A22}.Release|Any CPU.ActiveCfg = Release|Any CPU
		{60DB3F25-EC22-45EF-B485-E408BC491A22}.Release|Any CPU.Build.0 = Release|Any CPU
		{A220684E-0C9F-430F-AFF9-2F52D86E5476}.Debug|Any CPU.ActiveCfg = Debug|Any CPU
		{A220684E-0C9F-430F-AFF9-2F52D86E5476}.Debug|Any CPU.Build.0 = Debug|Any CPU
		{A220684E-0C9F-430F-AFF9-2F52D86E5476}.Release|Any CPU.ActiveCfg = Release|Any CPU
		{A220684E-0C9F-430F-AFF9-2F52D86E5476}.Release|Any CPU.Build.0 = Release|Any CPU
		{BB30911C-7000-465B-825C-F810EC41C1D3}.Debug|Any CPU.ActiveCfg = Debug|Any CPU
		{BB30911C-7000-465B-825C-F810EC41C1D3}.Debug|Any CPU.Build.0 = Debug|Any CPU
		{BB30911C-7000-465B-825C-F810EC41C1D3}.Release|Any CPU.ActiveCfg = Release|Any CPU
		{BB30911C-7000-465B-825C-F810EC41C1D3}.Release|Any CPU.Build.0 = Release|Any CPU
		{80FA4363-0C19-4D62-9479-130087B54CA7}.Debug|Any CPU.ActiveCfg = Debug|Any CPU
		{80FA4363-0C19-4D62-9479-130087B54CA7}.Debug|Any CPU.Build.0 = Debug|Any CPU
		{80FA4363-0C19-4D62-9479-130087B54CA7}.Release|Any CPU.ActiveCfg = Release|Any CPU
		{80FA4363-0C19-4D62-9479-130087B54CA7}.Release|Any CPU.Build.0 = Release|Any CPU
		{E89790F4-D4CB-4B7F-B12C-A3610B9CB93E}.Debug|Any CPU.ActiveCfg = Debug|Any CPU
		{E89790F4-D4CB-4B7F-B12C-A3610B9CB93E}.Debug|Any CPU.Build.0 = Debug|Any CPU
		{E89790F4-D4CB-4B7F-B12C-A3610B9CB93E}.Release|Any CPU.ActiveCfg = Release|Any CPU
		{E89790F4-D4CB-4B7F-B12C-A3610B9CB93E}.Release|Any CPU.Build.0 = Release|Any CPU
		{65F0DBEF-2A26-4F6F-9675-14169F144254}.Debug|Any CPU.ActiveCfg = Debug|Any CPU
		{65F0DBEF-2A26-4F6F-9675-14169F144254}.Debug|Any CPU.Build.0 = Debug|Any CPU
		{65F0DBEF-2A26-4F6F-9675-14169F144254}.Release|Any CPU.ActiveCfg = Release|Any CPU
		{65F0DBEF-2A26-4F6F-9675-14169F144254}.Release|Any CPU.Build.0 = Release|Any CPU
		{FF18A02E-7A10-4B99-85AC-3AC2FAC4C345}.Debug|Any CPU.ActiveCfg = Debug|Any CPU
		{FF18A02E-7A10-4B99-85AC-3AC2FAC4C345}.Debug|Any CPU.Build.0 = Debug|Any CPU
		{FF18A02E-7A10-4B99-85AC-3AC2FAC4C345}.Release|Any CPU.ActiveCfg = Release|Any CPU
		{FF18A02E-7A10-4B99-85AC-3AC2FAC4C345}.Release|Any CPU.Build.0 = Release|Any CPU
	EndGlobalSection
	GlobalSection(SolutionProperties) = preSolution
		HideSolutionNode = FALSE
	EndGlobalSection
	GlobalSection(NestedProjects) = preSolution
		{F4B5836A-AD43-4AE3-9767-B60D89C63453} = {3DC6EA9C-3DDA-4087-BAC2-8381EFCF2AC6}
		{60DB3F25-EC22-45EF-B485-E408BC491A22} = {3DC6EA9C-3DDA-4087-BAC2-8381EFCF2AC6}
		{A220684E-0C9F-430F-AFF9-2F52D86E5476} = {3DC6EA9C-3DDA-4087-BAC2-8381EFCF2AC6}
		{BB30911C-7000-465B-825C-F810EC41C1D3} = {8EF57FF3-683C-4FFD-B528-BD624141D11F}
		{80FA4363-0C19-4D62-9479-130087B54CA7} = {8EF57FF3-683C-4FFD-B528-BD624141D11F}
		{E89790F4-D4CB-4B7F-B12C-A3610B9CB93E} = {8EF57FF3-683C-4FFD-B528-BD624141D11F}
		{65F0DBEF-2A26-4F6F-9675-14169F144254} = {9B593B39-9950-4939-8C75-757BF48E44AB}
		{FF18A02E-7A10-4B99-85AC-3AC2FAC4C345} = {963BB670-4413-409F-9102-522BABA6ED2F}
	EndGlobalSection
	GlobalSection(ExtensibilityGlobals) = postSolution
		SolutionGuid = {3D9B83A8-3511-49E6-A80D-2171D5AF2274}
	EndGlobalSection
EndGlobal
